
Microsoft Visual Studio Solution File, Format Version 12.00
# Visual Studio 2013
VisualStudioVersion = 12.0.21005.1
MinimumVisualStudioVersion = 10.0.40219.1
Project("{FAE04EC0-301F-11D3-BF4B-00C04F79EFBC}") = "BluePOCO", "BluePOCO\BluePOCO.csproj", "{BEA79CBA-5542-4202-B751-2D57A16EE0D4}"
EndProject
Project("{FAE04EC0-301F-11D3-BF4B-00C04F79EFBC}") = "Tests", "Tests\Tests.csproj", "{20EA40D6-FEA0-46EE-906C-87292BA45883}"
EndProject
Global
	GlobalSection(SolutionConfigurationPlatforms) = preSolution
		Debug|Any CPU = Debug|Any CPU
		Release|Any CPU = Release|Any CPU
	EndGlobalSection
	GlobalSection(ProjectConfigurationPlatforms) = postSolution
		{BEA79CBA-5542-4202-B751-2D57A16EE0D4}.Debug|Any CPU.ActiveCfg = Debug|Any CPU
		{BEA79CBA-5542-4202-B751-2D57A16EE0D4}.Debug|Any CPU.Build.0 = Debug|Any CPU
		{BEA79CBA-5542-4202-B751-2D57A16EE0D4}.Release|Any CPU.ActiveCfg = Release|Any CPU
		{BEA79CBA-5542-4202-B751-2D57A16EE0D4}.Release|Any CPU.Build.0 = Release|Any CPU
		{20EA40D6-FEA0-46EE-906C-87292BA45883}.Debug|Any CPU.ActiveCfg = Debug|Any CPU
		{20EA40D6-FEA0-46EE-906C-87292BA45883}.Debug|Any CPU.Build.0 = Debug|Any CPU
		{20EA40D6-FEA0-46EE-906C-87292BA45883}.Release|Any CPU.ActiveCfg = Release|Any CPU
		{20EA40D6-FEA0-46EE-906C-87292BA45883}.Release|Any CPU.Build.0 = Release|Any CPU
	EndGlobalSection
	GlobalSection(SolutionProperties) = preSolution
		HideSolutionNode = FALSE
	EndGlobalSection
EndGlobal
