
Microsoft Visual Studio Solution File, Format Version 12.00
# Visual Studio 2013
VisualStudioVersion = 12.0.21005.1
MinimumVisualStudioVersion = 10.0.40219.1
Project("{FAE04EC0-301F-11D3-BF4B-00C04F79EFBC}") = "BluePOCO", "BluePOCO\BluePOCO.csproj", "{BEA79CBA-5542-4202-B751-2D57A16EE0D4}"
EndProject
Project("{FAE04EC0-301F-11D3-BF4B-00C04F79EFBC}") = "Tests", "Tests\Tests.csproj", "{20EA40D6-FEA0-46EE-906C-87292BA45883}"
EndProject
Project("{FAE04EC0-301F-11D3-BF4B-00C04F79EFBC}") = "ApiTransformer", "ApiTransformer\ApiTransformer.csproj", "{E1794D4B-C7D9-496B-8A2E-982C7C2CF42D}"
EndProject
Project("{2150E333-8FDC-42A3-9474-1A3956D46DE8}") = ".nuget", ".nuget", "{287BE749-7BC3-418B-8067-126E89E6D306}"
	ProjectSection(SolutionItems) = preProject
		.nuget\NuGet.Config = .nuget\NuGet.Config
		.nuget\NuGet.exe = .nuget\NuGet.exe
		.nuget\NuGet.targets = .nuget\NuGet.targets
	EndProjectSection
EndProject
Project("{FAE04EC0-301F-11D3-BF4B-00C04F79EFBC}") = "JsonCSharpClassGenerator", "JsonCSharpClassGenerator\JsonCSharpClassGenerator.csproj", "{83E30F83-9E84-4DAD-8950-B932BAEA7197}"
EndProject
Global
	GlobalSection(SolutionConfigurationPlatforms) = preSolution
		Debug|Any CPU = Debug|Any CPU
		Release|Any CPU = Release|Any CPU
	EndGlobalSection
	GlobalSection(ProjectConfigurationPlatforms) = postSolution
		{BEA79CBA-5542-4202-B751-2D57A16EE0D4}.Debug|Any CPU.ActiveCfg = Debug|Any CPU
		{BEA79CBA-5542-4202-B751-2D57A16EE0D4}.Debug|Any CPU.Build.0 = Debug|Any CPU
		{BEA79CBA-5542-4202-B751-2D57A16EE0D4}.Release|Any CPU.ActiveCfg = Release|Any CPU
		{BEA79CBA-5542-4202-B751-2D57A16EE0D4}.Release|Any CPU.Build.0 = Release|Any CPU
		{20EA40D6-FEA0-46EE-906C-87292BA45883}.Debug|Any CPU.ActiveCfg = Debug|Any CPU
		{20EA40D6-FEA0-46EE-906C-87292BA45883}.Debug|Any CPU.Build.0 = Debug|Any CPU
		{20EA40D6-FEA0-46EE-906C-87292BA45883}.Release|Any CPU.ActiveCfg = Release|Any CPU
		{20EA40D6-FEA0-46EE-906C-87292BA45883}.Release|Any CPU.Build.0 = Release|Any CPU
		{E1794D4B-C7D9-496B-8A2E-982C7C2CF42D}.Debug|Any CPU.ActiveCfg = Debug|Any CPU
		{E1794D4B-C7D9-496B-8A2E-982C7C2CF42D}.Debug|Any CPU.Build.0 = Debug|Any CPU
		{E1794D4B-C7D9-496B-8A2E-982C7C2CF42D}.Release|Any CPU.ActiveCfg = Release|Any CPU
		{E1794D4B-C7D9-496B-8A2E-982C7C2CF42D}.Release|Any CPU.Build.0 = Release|Any CPU
		{83E30F83-9E84-4DAD-8950-B932BAEA7197}.Debug|Any CPU.ActiveCfg = Debug|Any CPU
		{83E30F83-9E84-4DAD-8950-B932BAEA7197}.Debug|Any CPU.Build.0 = Debug|Any CPU
		{83E30F83-9E84-4DAD-8950-B932BAEA7197}.Release|Any CPU.ActiveCfg = Release|Any CPU
		{83E30F83-9E84-4DAD-8950-B932BAEA7197}.Release|Any CPU.Build.0 = Release|Any CPU
	EndGlobalSection
	GlobalSection(SolutionProperties) = preSolution
		HideSolutionNode = FALSE
	EndGlobalSection
EndGlobal
